
Microsoft Visual Studio Solution File, Format Version 12.00
# Visual Studio Express 15 for Windows Desktop
VisualStudioVersion = 15.0.28307.1321
MinimumVisualStudioVersion = 10.0.40219.1
Project("{FAE04EC0-301F-11D3-BF4B-00C04F79EFBC}") = "disfr.po", "disfr.po\disfr.po.csproj", "{200C4BFE-ACEF-471E-B325-EB274A841E3D}"
EndProject
Project("{FAE04EC0-301F-11D3-BF4B-00C04F79EFBC}") = "UnitTestPoParser", "UnitTestPoParser\UnitTestPoParser.csproj", "{A6787682-36E5-466A-8DB2-711C9429C7AD}"
EndProject
Project("{2150E333-8FDC-42A3-9474-1A3956D46DE8}") = "disfr", "disfr", "{C307CA6D-6772-45BA-8860-2F29A496C1DA}"
EndProject
Project("{FAE04EC0-301F-11D3-BF4B-00C04F79EFBC}") = "disfr", "disfr\disfr\disfr.csproj", "{1A3654B0-0F44-4CED-A7A2-E7835FFDEA49}"
EndProject
Project("{FAE04EC0-301F-11D3-BF4B-00C04F79EFBC}") = "disfr-core", "disfr\disfr-core\disfr-core.csproj", "{52C27A7F-355E-4BBC-8F0D-546FB11EF689}"
EndProject
Global
	GlobalSection(SolutionConfigurationPlatforms) = preSolution
		Debug|Any CPU = Debug|Any CPU
		Release|Any CPU = Release|Any CPU
	EndGlobalSection
	GlobalSection(ProjectConfigurationPlatforms) = postSolution
		{200C4BFE-ACEF-471E-B325-EB274A841E3D}.Debug|Any CPU.ActiveCfg = Debug|Any CPU
		{200C4BFE-ACEF-471E-B325-EB274A841E3D}.Debug|Any CPU.Build.0 = Debug|Any CPU
		{200C4BFE-ACEF-471E-B325-EB274A841E3D}.Release|Any CPU.ActiveCfg = Release|Any CPU
		{200C4BFE-ACEF-471E-B325-EB274A841E3D}.Release|Any CPU.Build.0 = Release|Any CPU
		{A6787682-36E5-466A-8DB2-711C9429C7AD}.Debug|Any CPU.ActiveCfg = Debug|Any CPU
		{A6787682-36E5-466A-8DB2-711C9429C7AD}.Debug|Any CPU.Build.0 = Debug|Any CPU
		{A6787682-36E5-466A-8DB2-711C9429C7AD}.Release|Any CPU.ActiveCfg = Release|Any CPU
		{A6787682-36E5-466A-8DB2-711C9429C7AD}.Release|Any CPU.Build.0 = Release|Any CPU
		{1A3654B0-0F44-4CED-A7A2-E7835FFDEA49}.Debug|Any CPU.ActiveCfg = Debug|Any CPU
		{1A3654B0-0F44-4CED-A7A2-E7835FFDEA49}.Debug|Any CPU.Build.0 = Debug|Any CPU
		{1A3654B0-0F44-4CED-A7A2-E7835FFDEA49}.Release|Any CPU.ActiveCfg = Release|Any CPU
		{1A3654B0-0F44-4CED-A7A2-E7835FFDEA49}.Release|Any CPU.Build.0 = Release|Any CPU
		{52C27A7F-355E-4BBC-8F0D-546FB11EF689}.Debug|Any CPU.ActiveCfg = Debug|Any CPU
		{52C27A7F-355E-4BBC-8F0D-546FB11EF689}.Debug|Any CPU.Build.0 = Debug|Any CPU
		{52C27A7F-355E-4BBC-8F0D-546FB11EF689}.Release|Any CPU.ActiveCfg = Release|Any CPU
		{52C27A7F-355E-4BBC-8F0D-546FB11EF689}.Release|Any CPU.Build.0 = Release|Any CPU
	EndGlobalSection
	GlobalSection(SolutionProperties) = preSolution
		HideSolutionNode = FALSE
	EndGlobalSection
	GlobalSection(NestedProjects) = preSolution
		{1A3654B0-0F44-4CED-A7A2-E7835FFDEA49} = {C307CA6D-6772-45BA-8860-2F29A496C1DA}
		{52C27A7F-355E-4BBC-8F0D-546FB11EF689} = {C307CA6D-6772-45BA-8860-2F29A496C1DA}
	EndGlobalSection
	GlobalSection(ExtensibilityGlobals) = postSolution
		SolutionGuid = {D7EA71A7-2F18-492D-B19B-1630593F7127}
	EndGlobalSection
EndGlobal
