
Microsoft Visual Studio Solution File, Format Version 12.00
# Visual Studio Express 15 for Windows Desktop
VisualStudioVersion = 15.0.28307.1321
MinimumVisualStudioVersion = 10.0.40219.1
Project("{FAE04EC0-301F-11D3-BF4B-00C04F79EFBC}") = "disfr.po", "disfr.po\disfr.po.csproj", "{200C4BFE-ACEF-471E-B325-EB274A841E3D}"
EndProject
Global
	GlobalSection(SolutionConfigurationPlatforms) = preSolution
		Debug|Any CPU = Debug|Any CPU
		Release|Any CPU = Release|Any CPU
	EndGlobalSection
	GlobalSection(ProjectConfigurationPlatforms) = postSolution
		{200C4BFE-ACEF-471E-B325-EB274A841E3D}.Debug|Any CPU.ActiveCfg = Debug|Any CPU
		{200C4BFE-ACEF-471E-B325-EB274A841E3D}.Debug|Any CPU.Build.0 = Debug|Any CPU
		{200C4BFE-ACEF-471E-B325-EB274A841E3D}.Release|Any CPU.ActiveCfg = Release|Any CPU
		{200C4BFE-ACEF-471E-B325-EB274A841E3D}.Release|Any CPU.Build.0 = Release|Any CPU
	EndGlobalSection
	GlobalSection(SolutionProperties) = preSolution
		HideSolutionNode = FALSE
	EndGlobalSection
	GlobalSection(ExtensibilityGlobals) = postSolution
		SolutionGuid = {D7EA71A7-2F18-492D-B19B-1630593F7127}
	EndGlobalSection
EndGlobal
