
Microsoft Visual Studio Solution File, Format Version 12.00
# Visual Studio Express 15 for Windows Desktop
VisualStudioVersion = 15.0.28307.438
MinimumVisualStudioVersion = 10.0.40219.1
Project("{FAE04EC0-301F-11D3-BF4B-00C04F79EFBC}") = "disfr", "disfr\disfr.csproj", "{1A3654B0-0F44-4CED-A7A2-E7835FFDEA49}"
EndProject
Project("{FAE04EC0-301F-11D3-BF4B-00C04F79EFBC}") = "UnitTestDisfr", "UnitTestDisfr\UnitTestDisfr.csproj", "{FAAC6E56-E922-4400-B97D-52F6066BEFBA}"
EndProject
Project("{FAE04EC0-301F-11D3-BF4B-00C04F79EFBC}") = "UnitTestTemporary", "UnitTestTemporary\UnitTestTemporary.csproj", "{2BFC797C-960E-45CA-BEF6-744D22A1771D}"
EndProject
Project("{2150E333-8FDC-42A3-9474-1A3956D46DE8}") = "Solution Items", "Solution Items", "{765CCCBC-AE76-4440-8B92-F17506709561}"
	ProjectSection(SolutionItems) = preProject
		README.md = README.md
		Roadmap.md = Roadmap.md
	EndProjectSection
EndProject
Project("{FAE04EC0-301F-11D3-BF4B-00C04F79EFBC}") = "UnitTestDisfrDoc", "UnitTestDisfrDoc\UnitTestDisfrDoc.csproj", "{7C1ED742-F14C-448B-9B81-D49B0F11692A}"
EndProject
Project("{8BC9CEB8-8B4A-11D0-8D11-00A0C91BC942}") = "CustomActions", "CustomActions\CustomActions.vcxproj", "{C03F7F77-F01D-468F-B13D-1C8D7A53846F}"
EndProject
Project("{FAE04EC0-301F-11D3-BF4B-00C04F79EFBC}") = "disfr-core", "disfr-core\disfr-core.csproj", "{52C27A7F-355E-4BBC-8F0D-546FB11EF689}"
EndProject
Project("{FAE04EC0-301F-11D3-BF4B-00C04F79EFBC}") = "disfr.sdltm", "disfr.sdltm\disfr.sdltm.csproj", "{38BA914A-DEEA-4590-8168-AC31C9480797}"
EndProject
Project("{FAE04EC0-301F-11D3-BF4B-00C04F79EFBC}") = "UnitTestDisfrWriter", "UnitTestDisfrWriter\UnitTestDisfrWriter.csproj", "{7EBAA382-5C4D-4619-89A6-3FC525255450}"
	ProjectSection(ProjectDependencies) = postProject
		{52C27A7F-355E-4BBC-8F0D-546FB11EF689} = {52C27A7F-355E-4BBC-8F0D-546FB11EF689}
		{1A3654B0-0F44-4CED-A7A2-E7835FFDEA49} = {1A3654B0-0F44-4CED-A7A2-E7835FFDEA49}
	EndProjectSection
EndProject
Project("{FAE04EC0-301F-11D3-BF4B-00C04F79EFBC}") = "UnitTestDisfrUI", "UnitTestDisfrUI\UnitTestDisfrUI.csproj", "{813BC73A-707C-461D-A045-203E6E4F662D}"
EndProject
Project("{FAE04EC0-301F-11D3-BF4B-00C04F79EFBC}") = "disfr.xlsx-writer", "disfr.xlsx-writer\disfr.xlsx-writer.csproj", "{86BD6774-A1E6-4D90-A390-BD2FFD6A2814}"
EndProject
Project("{FAE04EC0-301F-11D3-BF4B-00C04F79EFBC}") = "disfr.ExcelGlossary", "disfr.ExcelGlossary\disfr.ExcelGlossary.csproj", "{6845E146-EC88-4BAE-BFD8-3922C37E861E}"
EndProject
Project("{FAE04EC0-301F-11D3-BF4B-00C04F79EFBC}") = "Installer", "Installer\Installer.wixproj", "{29705759-0F3A-4E3C-8D13-7730FBAA79EE}"
	ProjectSection(ProjectDependencies) = postProject
		{6845E146-EC88-4BAE-BFD8-3922C37E861E} = {6845E146-EC88-4BAE-BFD8-3922C37E861E}
		{38BA914A-DEEA-4590-8168-AC31C9480797} = {38BA914A-DEEA-4590-8168-AC31C9480797}
		{86BD6774-A1E6-4D90-A390-BD2FFD6A2814} = {86BD6774-A1E6-4D90-A390-BD2FFD6A2814}
		{C03F7F77-F01D-468F-B13D-1C8D7A53846F} = {C03F7F77-F01D-468F-B13D-1C8D7A53846F}
		{52C27A7F-355E-4BBC-8F0D-546FB11EF689} = {52C27A7F-355E-4BBC-8F0D-546FB11EF689}
		{1A3654B0-0F44-4CED-A7A2-E7835FFDEA49} = {1A3654B0-0F44-4CED-A7A2-E7835FFDEA49}
	EndProjectSection
EndProject
Global
	GlobalSection(SolutionConfigurationPlatforms) = preSolution
		Debug|Any CPU = Debug|Any CPU
		Debug|x64 = Debug|x64
		Debug|x86 = Debug|x86
		Release|Any CPU = Release|Any CPU
		Release|x64 = Release|x64
		Release|x86 = Release|x86
	EndGlobalSection
	GlobalSection(ProjectConfigurationPlatforms) = postSolution
		{1A3654B0-0F44-4CED-A7A2-E7835FFDEA49}.Debug|Any CPU.ActiveCfg = Debug|Any CPU
		{1A3654B0-0F44-4CED-A7A2-E7835FFDEA49}.Debug|Any CPU.Build.0 = Debug|Any CPU
		{1A3654B0-0F44-4CED-A7A2-E7835FFDEA49}.Debug|x64.ActiveCfg = Debug|Any CPU
		{1A3654B0-0F44-4CED-A7A2-E7835FFDEA49}.Debug|x64.Build.0 = Debug|Any CPU
		{1A3654B0-0F44-4CED-A7A2-E7835FFDEA49}.Debug|x86.ActiveCfg = Debug|Any CPU
		{1A3654B0-0F44-4CED-A7A2-E7835FFDEA49}.Debug|x86.Build.0 = Debug|Any CPU
		{1A3654B0-0F44-4CED-A7A2-E7835FFDEA49}.Release|Any CPU.ActiveCfg = Release|Any CPU
		{1A3654B0-0F44-4CED-A7A2-E7835FFDEA49}.Release|Any CPU.Build.0 = Release|Any CPU
		{1A3654B0-0F44-4CED-A7A2-E7835FFDEA49}.Release|x64.ActiveCfg = Release|Any CPU
		{1A3654B0-0F44-4CED-A7A2-E7835FFDEA49}.Release|x64.Build.0 = Release|Any CPU
		{1A3654B0-0F44-4CED-A7A2-E7835FFDEA49}.Release|x86.ActiveCfg = Release|Any CPU
		{1A3654B0-0F44-4CED-A7A2-E7835FFDEA49}.Release|x86.Build.0 = Release|Any CPU
		{FAAC6E56-E922-4400-B97D-52F6066BEFBA}.Debug|Any CPU.ActiveCfg = Debug|Any CPU
		{FAAC6E56-E922-4400-B97D-52F6066BEFBA}.Debug|Any CPU.Build.0 = Debug|Any CPU
		{FAAC6E56-E922-4400-B97D-52F6066BEFBA}.Debug|x64.ActiveCfg = Debug|Any CPU
		{FAAC6E56-E922-4400-B97D-52F6066BEFBA}.Debug|x64.Build.0 = Debug|Any CPU
		{FAAC6E56-E922-4400-B97D-52F6066BEFBA}.Debug|x86.ActiveCfg = Debug|Any CPU
		{FAAC6E56-E922-4400-B97D-52F6066BEFBA}.Debug|x86.Build.0 = Debug|Any CPU
		{FAAC6E56-E922-4400-B97D-52F6066BEFBA}.Release|Any CPU.ActiveCfg = Release|Any CPU
		{FAAC6E56-E922-4400-B97D-52F6066BEFBA}.Release|Any CPU.Build.0 = Release|Any CPU
		{FAAC6E56-E922-4400-B97D-52F6066BEFBA}.Release|x64.ActiveCfg = Release|Any CPU
		{FAAC6E56-E922-4400-B97D-52F6066BEFBA}.Release|x64.Build.0 = Release|Any CPU
		{FAAC6E56-E922-4400-B97D-52F6066BEFBA}.Release|x86.ActiveCfg = Release|Any CPU
		{FAAC6E56-E922-4400-B97D-52F6066BEFBA}.Release|x86.Build.0 = Release|Any CPU
		{2BFC797C-960E-45CA-BEF6-744D22A1771D}.Debug|Any CPU.ActiveCfg = Debug|Any CPU
		{2BFC797C-960E-45CA-BEF6-744D22A1771D}.Debug|Any CPU.Build.0 = Debug|Any CPU
		{2BFC797C-960E-45CA-BEF6-744D22A1771D}.Debug|x64.ActiveCfg = Debug|Any CPU
		{2BFC797C-960E-45CA-BEF6-744D22A1771D}.Debug|x64.Build.0 = Debug|Any CPU
		{2BFC797C-960E-45CA-BEF6-744D22A1771D}.Debug|x86.ActiveCfg = Debug|Any CPU
		{2BFC797C-960E-45CA-BEF6-744D22A1771D}.Debug|x86.Build.0 = Debug|Any CPU
		{2BFC797C-960E-45CA-BEF6-744D22A1771D}.Release|Any CPU.ActiveCfg = Release|Any CPU
		{2BFC797C-960E-45CA-BEF6-744D22A1771D}.Release|Any CPU.Build.0 = Release|Any CPU
		{2BFC797C-960E-45CA-BEF6-744D22A1771D}.Release|x64.ActiveCfg = Release|Any CPU
		{2BFC797C-960E-45CA-BEF6-744D22A1771D}.Release|x64.Build.0 = Release|Any CPU
		{2BFC797C-960E-45CA-BEF6-744D22A1771D}.Release|x86.ActiveCfg = Release|Any CPU
		{2BFC797C-960E-45CA-BEF6-744D22A1771D}.Release|x86.Build.0 = Release|Any CPU
		{7C1ED742-F14C-448B-9B81-D49B0F11692A}.Debug|Any CPU.ActiveCfg = Debug|Any CPU
		{7C1ED742-F14C-448B-9B81-D49B0F11692A}.Debug|Any CPU.Build.0 = Debug|Any CPU
		{7C1ED742-F14C-448B-9B81-D49B0F11692A}.Debug|x64.ActiveCfg = Debug|Any CPU
		{7C1ED742-F14C-448B-9B81-D49B0F11692A}.Debug|x64.Build.0 = Debug|Any CPU
		{7C1ED742-F14C-448B-9B81-D49B0F11692A}.Debug|x86.ActiveCfg = Debug|Any CPU
		{7C1ED742-F14C-448B-9B81-D49B0F11692A}.Debug|x86.Build.0 = Debug|Any CPU
		{7C1ED742-F14C-448B-9B81-D49B0F11692A}.Release|Any CPU.ActiveCfg = Release|Any CPU
		{7C1ED742-F14C-448B-9B81-D49B0F11692A}.Release|Any CPU.Build.0 = Release|Any CPU
		{7C1ED742-F14C-448B-9B81-D49B0F11692A}.Release|x64.ActiveCfg = Release|Any CPU
		{7C1ED742-F14C-448B-9B81-D49B0F11692A}.Release|x64.Build.0 = Release|Any CPU
		{7C1ED742-F14C-448B-9B81-D49B0F11692A}.Release|x86.ActiveCfg = Release|Any CPU
		{7C1ED742-F14C-448B-9B81-D49B0F11692A}.Release|x86.Build.0 = Release|Any CPU
		{C03F7F77-F01D-468F-B13D-1C8D7A53846F}.Debug|Any CPU.ActiveCfg = Debug|Win32
		{C03F7F77-F01D-468F-B13D-1C8D7A53846F}.Debug|x64.ActiveCfg = Debug|x64
		{C03F7F77-F01D-468F-B13D-1C8D7A53846F}.Debug|x64.Build.0 = Debug|x64
		{C03F7F77-F01D-468F-B13D-1C8D7A53846F}.Debug|x86.ActiveCfg = Debug|Win32
		{C03F7F77-F01D-468F-B13D-1C8D7A53846F}.Debug|x86.Build.0 = Debug|Win32
		{C03F7F77-F01D-468F-B13D-1C8D7A53846F}.Release|Any CPU.ActiveCfg = Release|Win32
		{C03F7F77-F01D-468F-B13D-1C8D7A53846F}.Release|Any CPU.Build.0 = Release|Win32
		{C03F7F77-F01D-468F-B13D-1C8D7A53846F}.Release|x64.ActiveCfg = Release|x64
		{C03F7F77-F01D-468F-B13D-1C8D7A53846F}.Release|x64.Build.0 = Release|x64
		{C03F7F77-F01D-468F-B13D-1C8D7A53846F}.Release|x86.ActiveCfg = Release|Win32
		{C03F7F77-F01D-468F-B13D-1C8D7A53846F}.Release|x86.Build.0 = Release|Win32
		{52C27A7F-355E-4BBC-8F0D-546FB11EF689}.Debug|Any CPU.ActiveCfg = Debug|Any CPU
		{52C27A7F-355E-4BBC-8F0D-546FB11EF689}.Debug|Any CPU.Build.0 = Debug|Any CPU
		{52C27A7F-355E-4BBC-8F0D-546FB11EF689}.Debug|x64.ActiveCfg = Debug|Any CPU
		{52C27A7F-355E-4BBC-8F0D-546FB11EF689}.Debug|x64.Build.0 = Debug|Any CPU
		{52C27A7F-355E-4BBC-8F0D-546FB11EF689}.Debug|x86.ActiveCfg = Debug|Any CPU
		{52C27A7F-355E-4BBC-8F0D-546FB11EF689}.Debug|x86.Build.0 = Debug|Any CPU
		{52C27A7F-355E-4BBC-8F0D-546FB11EF689}.Release|Any CPU.ActiveCfg = Release|Any CPU
		{52C27A7F-355E-4BBC-8F0D-546FB11EF689}.Release|Any CPU.Build.0 = Release|Any CPU
		{52C27A7F-355E-4BBC-8F0D-546FB11EF689}.Release|x64.ActiveCfg = Release|Any CPU
		{52C27A7F-355E-4BBC-8F0D-546FB11EF689}.Release|x64.Build.0 = Release|Any CPU
		{52C27A7F-355E-4BBC-8F0D-546FB11EF689}.Release|x86.ActiveCfg = Release|Any CPU
		{52C27A7F-355E-4BBC-8F0D-546FB11EF689}.Release|x86.Build.0 = Release|Any CPU
		{38BA914A-DEEA-4590-8168-AC31C9480797}.Debug|Any CPU.ActiveCfg = Debug|Any CPU
		{38BA914A-DEEA-4590-8168-AC31C9480797}.Debug|Any CPU.Build.0 = Debug|Any CPU
		{38BA914A-DEEA-4590-8168-AC31C9480797}.Debug|x64.ActiveCfg = Debug|Any CPU
		{38BA914A-DEEA-4590-8168-AC31C9480797}.Debug|x64.Build.0 = Debug|Any CPU
		{38BA914A-DEEA-4590-8168-AC31C9480797}.Debug|x86.ActiveCfg = Debug|Any CPU
		{38BA914A-DEEA-4590-8168-AC31C9480797}.Debug|x86.Build.0 = Debug|Any CPU
		{38BA914A-DEEA-4590-8168-AC31C9480797}.Release|Any CPU.ActiveCfg = Release|Any CPU
		{38BA914A-DEEA-4590-8168-AC31C9480797}.Release|Any CPU.Build.0 = Release|Any CPU
		{38BA914A-DEEA-4590-8168-AC31C9480797}.Release|x64.ActiveCfg = Release|Any CPU
		{38BA914A-DEEA-4590-8168-AC31C9480797}.Release|x64.Build.0 = Release|Any CPU
		{38BA914A-DEEA-4590-8168-AC31C9480797}.Release|x86.ActiveCfg = Release|Any CPU
		{38BA914A-DEEA-4590-8168-AC31C9480797}.Release|x86.Build.0 = Release|Any CPU
		{7EBAA382-5C4D-4619-89A6-3FC525255450}.Debug|Any CPU.ActiveCfg = Debug|Any CPU
		{7EBAA382-5C4D-4619-89A6-3FC525255450}.Debug|Any CPU.Build.0 = Debug|Any CPU
		{7EBAA382-5C4D-4619-89A6-3FC525255450}.Debug|x64.ActiveCfg = Debug|Any CPU
		{7EBAA382-5C4D-4619-89A6-3FC525255450}.Debug|x64.Build.0 = Debug|Any CPU
		{7EBAA382-5C4D-4619-89A6-3FC525255450}.Debug|x86.ActiveCfg = Debug|Any CPU
		{7EBAA382-5C4D-4619-89A6-3FC525255450}.Debug|x86.Build.0 = Debug|Any CPU
		{7EBAA382-5C4D-4619-89A6-3FC525255450}.Release|Any CPU.ActiveCfg = Release|Any CPU
		{7EBAA382-5C4D-4619-89A6-3FC525255450}.Release|Any CPU.Build.0 = Release|Any CPU
		{7EBAA382-5C4D-4619-89A6-3FC525255450}.Release|x64.ActiveCfg = Release|Any CPU
		{7EBAA382-5C4D-4619-89A6-3FC525255450}.Release|x64.Build.0 = Release|Any CPU
		{7EBAA382-5C4D-4619-89A6-3FC525255450}.Release|x86.ActiveCfg = Release|Any CPU
		{7EBAA382-5C4D-4619-89A6-3FC525255450}.Release|x86.Build.0 = Release|Any CPU
		{813BC73A-707C-461D-A045-203E6E4F662D}.Debug|Any CPU.ActiveCfg = Debug|Any CPU
		{813BC73A-707C-461D-A045-203E6E4F662D}.Debug|Any CPU.Build.0 = Debug|Any CPU
		{813BC73A-707C-461D-A045-203E6E4F662D}.Debug|x64.ActiveCfg = Debug|Any CPU
		{813BC73A-707C-461D-A045-203E6E4F662D}.Debug|x64.Build.0 = Debug|Any CPU
		{813BC73A-707C-461D-A045-203E6E4F662D}.Debug|x86.ActiveCfg = Debug|Any CPU
		{813BC73A-707C-461D-A045-203E6E4F662D}.Debug|x86.Build.0 = Debug|Any CPU
		{813BC73A-707C-461D-A045-203E6E4F662D}.Release|Any CPU.ActiveCfg = Release|Any CPU
		{813BC73A-707C-461D-A045-203E6E4F662D}.Release|Any CPU.Build.0 = Release|Any CPU
		{813BC73A-707C-461D-A045-203E6E4F662D}.Release|x64.ActiveCfg = Release|Any CPU
		{813BC73A-707C-461D-A045-203E6E4F662D}.Release|x64.Build.0 = Release|Any CPU
		{813BC73A-707C-461D-A045-203E6E4F662D}.Release|x86.ActiveCfg = Release|Any CPU
		{813BC73A-707C-461D-A045-203E6E4F662D}.Release|x86.Build.0 = Release|Any CPU
		{86BD6774-A1E6-4D90-A390-BD2FFD6A2814}.Debug|Any CPU.ActiveCfg = Debug|Any CPU
		{86BD6774-A1E6-4D90-A390-BD2FFD6A2814}.Debug|Any CPU.Build.0 = Debug|Any CPU
		{86BD6774-A1E6-4D90-A390-BD2FFD6A2814}.Debug|x64.ActiveCfg = Debug|Any CPU
		{86BD6774-A1E6-4D90-A390-BD2FFD6A2814}.Debug|x64.Build.0 = Debug|Any CPU
		{86BD6774-A1E6-4D90-A390-BD2FFD6A2814}.Debug|x86.ActiveCfg = Debug|Any CPU
		{86BD6774-A1E6-4D90-A390-BD2FFD6A2814}.Debug|x86.Build.0 = Debug|Any CPU
		{86BD6774-A1E6-4D90-A390-BD2FFD6A2814}.Release|Any CPU.ActiveCfg = Release|Any CPU
		{86BD6774-A1E6-4D90-A390-BD2FFD6A2814}.Release|Any CPU.Build.0 = Release|Any CPU
		{86BD6774-A1E6-4D90-A390-BD2FFD6A2814}.Release|x64.ActiveCfg = Release|Any CPU
		{86BD6774-A1E6-4D90-A390-BD2FFD6A2814}.Release|x64.Build.0 = Release|Any CPU
		{86BD6774-A1E6-4D90-A390-BD2FFD6A2814}.Release|x86.ActiveCfg = Release|Any CPU
		{86BD6774-A1E6-4D90-A390-BD2FFD6A2814}.Release|x86.Build.0 = Release|Any CPU
		{6845E146-EC88-4BAE-BFD8-3922C37E861E}.Debug|Any CPU.ActiveCfg = Debug|Any CPU
		{6845E146-EC88-4BAE-BFD8-3922C37E861E}.Debug|Any CPU.Build.0 = Debug|Any CPU
		{6845E146-EC88-4BAE-BFD8-3922C37E861E}.Debug|x64.ActiveCfg = Debug|Any CPU
		{6845E146-EC88-4BAE-BFD8-3922C37E861E}.Debug|x64.Build.0 = Debug|Any CPU
		{6845E146-EC88-4BAE-BFD8-3922C37E861E}.Debug|x86.ActiveCfg = Debug|Any CPU
		{6845E146-EC88-4BAE-BFD8-3922C37E861E}.Debug|x86.Build.0 = Debug|Any CPU
		{6845E146-EC88-4BAE-BFD8-3922C37E861E}.Release|Any CPU.ActiveCfg = Release|Any CPU
		{6845E146-EC88-4BAE-BFD8-3922C37E861E}.Release|Any CPU.Build.0 = Release|Any CPU
		{6845E146-EC88-4BAE-BFD8-3922C37E861E}.Release|x64.ActiveCfg = Release|Any CPU
		{6845E146-EC88-4BAE-BFD8-3922C37E861E}.Release|x64.Build.0 = Release|Any CPU
		{6845E146-EC88-4BAE-BFD8-3922C37E861E}.Release|x86.ActiveCfg = Release|Any CPU
		{6845E146-EC88-4BAE-BFD8-3922C37E861E}.Release|x86.Build.0 = Release|Any CPU
		{29705759-0F3A-4E3C-8D13-7730FBAA79EE}.Debug|Any CPU.ActiveCfg = Debug|Any CPU
		{29705759-0F3A-4E3C-8D13-7730FBAA79EE}.Debug|x64.ActiveCfg = Debug|Any CPU
		{29705759-0F3A-4E3C-8D13-7730FBAA79EE}.Debug|x64.Build.0 = Debug|Any CPU
		{29705759-0F3A-4E3C-8D13-7730FBAA79EE}.Debug|x86.ActiveCfg = Debug|Any CPU
		{29705759-0F3A-4E3C-8D13-7730FBAA79EE}.Debug|x86.Build.0 = Debug|Any CPU
		{29705759-0F3A-4E3C-8D13-7730FBAA79EE}.Release|Any CPU.ActiveCfg = Release|Any CPU
		{29705759-0F3A-4E3C-8D13-7730FBAA79EE}.Release|Any CPU.Build.0 = Release|Any CPU
		{29705759-0F3A-4E3C-8D13-7730FBAA79EE}.Release|x64.ActiveCfg = Release|Any CPU
		{29705759-0F3A-4E3C-8D13-7730FBAA79EE}.Release|x64.Build.0 = Release|Any CPU
		{29705759-0F3A-4E3C-8D13-7730FBAA79EE}.Release|x86.ActiveCfg = Release|Any CPU
		{29705759-0F3A-4E3C-8D13-7730FBAA79EE}.Release|x86.Build.0 = Release|Any CPU
	EndGlobalSection
	GlobalSection(SolutionProperties) = preSolution
		HideSolutionNode = FALSE
	EndGlobalSection
	GlobalSection(ExtensibilityGlobals) = postSolution
		SolutionGuid = {AE1805E4-4F43-4169-A76C-02B397664C34}
	EndGlobalSection
EndGlobal
