
Microsoft Visual Studio Solution File, Format Version 12.00
# Visual Studio Express 14 for Windows Desktop
VisualStudioVersion = 14.0.25420.1
MinimumVisualStudioVersion = 10.0.40219.1
Project("{FAE04EC0-301F-11D3-BF4B-00C04F79EFBC}") = "disfr", "disfr\disfr.csproj", "{1A3654B0-0F44-4CED-A7A2-E7835FFDEA49}"
EndProject
Project("{FAE04EC0-301F-11D3-BF4B-00C04F79EFBC}") = "UnitTestDisfr", "UnitTestDisfr\UnitTestDisfr.csproj", "{FAAC6E56-E922-4400-B97D-52F6066BEFBA}"
EndProject
Project("{FAE04EC0-301F-11D3-BF4B-00C04F79EFBC}") = "UnitTestTemporary", "UnitTestTemporary\UnitTestTemporary.csproj", "{2BFC797C-960E-45CA-BEF6-744D22A1771D}"
EndProject
Project("{2150E333-8FDC-42A3-9474-1A3956D46DE8}") = "Solution Items", "Solution Items", "{765CCCBC-AE76-4440-8B92-F17506709561}"
	ProjectSection(SolutionItems) = preProject
		README.md = README.md
	EndProjectSection
EndProject
Project("{FAE04EC0-301F-11D3-BF4B-00C04F79EFBC}") = "UnitTestDisfrDoc", "UnitTestDisfrDoc\UnitTestDisfrDoc.csproj", "{7C1ED742-F14C-448B-9B81-D49B0F11692A}"
EndProject
Project("{8BC9CEB8-8B4A-11D0-8D11-00A0C91BC942}") = "CustomActions", "CustomActions\CustomActions.vcxproj", "{C03F7F77-F01D-468F-B13D-1C8D7A53846F}"
EndProject
Project("{FAE04EC0-301F-11D3-BF4B-00C04F79EFBC}") = "UnitTestDisfrUI", "UnitTestDisfrUI\UnitTestDisfrUI.csproj", "{813BC73A-707C-461D-A045-203E6E4F662D}"
EndProject
Global
	GlobalSection(SolutionConfigurationPlatforms) = preSolution
		Debug|Any CPU = Debug|Any CPU
		Debug|x64 = Debug|x64
		Debug|x86 = Debug|x86
		Release|Any CPU = Release|Any CPU
		Release|x64 = Release|x64
		Release|x86 = Release|x86
	EndGlobalSection
	GlobalSection(ProjectConfigurationPlatforms) = postSolution
		{1A3654B0-0F44-4CED-A7A2-E7835FFDEA49}.Debug|Any CPU.ActiveCfg = Debug|Any CPU
		{1A3654B0-0F44-4CED-A7A2-E7835FFDEA49}.Debug|Any CPU.Build.0 = Debug|Any CPU
		{1A3654B0-0F44-4CED-A7A2-E7835FFDEA49}.Debug|x64.ActiveCfg = Debug|Any CPU
		{1A3654B0-0F44-4CED-A7A2-E7835FFDEA49}.Debug|x64.Build.0 = Debug|Any CPU
		{1A3654B0-0F44-4CED-A7A2-E7835FFDEA49}.Debug|x86.ActiveCfg = Debug|Any CPU
		{1A3654B0-0F44-4CED-A7A2-E7835FFDEA49}.Debug|x86.Build.0 = Debug|Any CPU
		{1A3654B0-0F44-4CED-A7A2-E7835FFDEA49}.Release|Any CPU.ActiveCfg = Release|Any CPU
		{1A3654B0-0F44-4CED-A7A2-E7835FFDEA49}.Release|Any CPU.Build.0 = Release|Any CPU
		{1A3654B0-0F44-4CED-A7A2-E7835FFDEA49}.Release|x64.ActiveCfg = Release|Any CPU
		{1A3654B0-0F44-4CED-A7A2-E7835FFDEA49}.Release|x64.Build.0 = Release|Any CPU
		{1A3654B0-0F44-4CED-A7A2-E7835FFDEA49}.Release|x86.ActiveCfg = Release|Any CPU
		{1A3654B0-0F44-4CED-A7A2-E7835FFDEA49}.Release|x86.Build.0 = Release|Any CPU
		{FAAC6E56-E922-4400-B97D-52F6066BEFBA}.Debug|Any CPU.ActiveCfg = Debug|Any CPU
		{FAAC6E56-E922-4400-B97D-52F6066BEFBA}.Debug|Any CPU.Build.0 = Debug|Any CPU
		{FAAC6E56-E922-4400-B97D-52F6066BEFBA}.Debug|x64.ActiveCfg = Debug|Any CPU
		{FAAC6E56-E922-4400-B97D-52F6066BEFBA}.Debug|x64.Build.0 = Debug|Any CPU
		{FAAC6E56-E922-4400-B97D-52F6066BEFBA}.Debug|x86.ActiveCfg = Debug|Any CPU
		{FAAC6E56-E922-4400-B97D-52F6066BEFBA}.Debug|x86.Build.0 = Debug|Any CPU
		{FAAC6E56-E922-4400-B97D-52F6066BEFBA}.Release|Any CPU.ActiveCfg = Release|Any CPU
		{FAAC6E56-E922-4400-B97D-52F6066BEFBA}.Release|Any CPU.Build.0 = Release|Any CPU
		{FAAC6E56-E922-4400-B97D-52F6066BEFBA}.Release|x64.ActiveCfg = Release|Any CPU
		{FAAC6E56-E922-4400-B97D-52F6066BEFBA}.Release|x64.Build.0 = Release|Any CPU
		{FAAC6E56-E922-4400-B97D-52F6066BEFBA}.Release|x86.ActiveCfg = Release|Any CPU
		{FAAC6E56-E922-4400-B97D-52F6066BEFBA}.Release|x86.Build.0 = Release|Any CPU
		{2BFC797C-960E-45CA-BEF6-744D22A1771D}.Debug|Any CPU.ActiveCfg = Debug|Any CPU
		{2BFC797C-960E-45CA-BEF6-744D22A1771D}.Debug|Any CPU.Build.0 = Debug|Any CPU
		{2BFC797C-960E-45CA-BEF6-744D22A1771D}.Debug|x64.ActiveCfg = Debug|Any CPU
		{2BFC797C-960E-45CA-BEF6-744D22A1771D}.Debug|x64.Build.0 = Debug|Any CPU
		{2BFC797C-960E-45CA-BEF6-744D22A1771D}.Debug|x86.ActiveCfg = Debug|Any CPU
		{2BFC797C-960E-45CA-BEF6-744D22A1771D}.Debug|x86.Build.0 = Debug|Any CPU
		{2BFC797C-960E-45CA-BEF6-744D22A1771D}.Release|Any CPU.ActiveCfg = Release|Any CPU
		{2BFC797C-960E-45CA-BEF6-744D22A1771D}.Release|Any CPU.Build.0 = Release|Any CPU
		{2BFC797C-960E-45CA-BEF6-744D22A1771D}.Release|x64.ActiveCfg = Release|Any CPU
		{2BFC797C-960E-45CA-BEF6-744D22A1771D}.Release|x64.Build.0 = Release|Any CPU
		{2BFC797C-960E-45CA-BEF6-744D22A1771D}.Release|x86.ActiveCfg = Release|Any CPU
		{2BFC797C-960E-45CA-BEF6-744D22A1771D}.Release|x86.Build.0 = Release|Any CPU
		{7C1ED742-F14C-448B-9B81-D49B0F11692A}.Debug|Any CPU.ActiveCfg = Debug|Any CPU
		{7C1ED742-F14C-448B-9B81-D49B0F11692A}.Debug|Any CPU.Build.0 = Debug|Any CPU
		{7C1ED742-F14C-448B-9B81-D49B0F11692A}.Debug|x64.ActiveCfg = Debug|Any CPU
		{7C1ED742-F14C-448B-9B81-D49B0F11692A}.Debug|x64.Build.0 = Debug|Any CPU
		{7C1ED742-F14C-448B-9B81-D49B0F11692A}.Debug|x86.ActiveCfg = Debug|Any CPU
		{7C1ED742-F14C-448B-9B81-D49B0F11692A}.Debug|x86.Build.0 = Debug|Any CPU
		{7C1ED742-F14C-448B-9B81-D49B0F11692A}.Release|Any CPU.ActiveCfg = Release|Any CPU
		{7C1ED742-F14C-448B-9B81-D49B0F11692A}.Release|Any CPU.Build.0 = Release|Any CPU
		{7C1ED742-F14C-448B-9B81-D49B0F11692A}.Release|x64.ActiveCfg = Release|Any CPU
		{7C1ED742-F14C-448B-9B81-D49B0F11692A}.Release|x64.Build.0 = Release|Any CPU
		{7C1ED742-F14C-448B-9B81-D49B0F11692A}.Release|x86.ActiveCfg = Release|Any CPU
		{7C1ED742-F14C-448B-9B81-D49B0F11692A}.Release|x86.Build.0 = Release|Any CPU
		{C03F7F77-F01D-468F-B13D-1C8D7A53846F}.Debug|Any CPU.ActiveCfg = Debug|Win32
		{C03F7F77-F01D-468F-B13D-1C8D7A53846F}.Debug|x64.ActiveCfg = Debug|x64
		{C03F7F77-F01D-468F-B13D-1C8D7A53846F}.Debug|x64.Build.0 = Debug|x64
		{C03F7F77-F01D-468F-B13D-1C8D7A53846F}.Debug|x86.ActiveCfg = Debug|Win32
		{C03F7F77-F01D-468F-B13D-1C8D7A53846F}.Debug|x86.Build.0 = Debug|Win32
		{C03F7F77-F01D-468F-B13D-1C8D7A53846F}.Release|Any CPU.ActiveCfg = Release|Win32
		{C03F7F77-F01D-468F-B13D-1C8D7A53846F}.Release|Any CPU.Build.0 = Release|Win32
		{C03F7F77-F01D-468F-B13D-1C8D7A53846F}.Release|x64.ActiveCfg = Release|x64
		{C03F7F77-F01D-468F-B13D-1C8D7A53846F}.Release|x64.Build.0 = Release|x64
		{C03F7F77-F01D-468F-B13D-1C8D7A53846F}.Release|x86.ActiveCfg = Release|Win32
		{C03F7F77-F01D-468F-B13D-1C8D7A53846F}.Release|x86.Build.0 = Release|Win32
		{813BC73A-707C-461D-A045-203E6E4F662D}.Debug|Any CPU.ActiveCfg = Debug|Any CPU
		{813BC73A-707C-461D-A045-203E6E4F662D}.Debug|Any CPU.Build.0 = Debug|Any CPU
		{813BC73A-707C-461D-A045-203E6E4F662D}.Debug|x64.ActiveCfg = Debug|Any CPU
		{813BC73A-707C-461D-A045-203E6E4F662D}.Debug|x64.Build.0 = Debug|Any CPU
		{813BC73A-707C-461D-A045-203E6E4F662D}.Debug|x86.ActiveCfg = Debug|Any CPU
		{813BC73A-707C-461D-A045-203E6E4F662D}.Debug|x86.Build.0 = Debug|Any CPU
		{813BC73A-707C-461D-A045-203E6E4F662D}.Release|Any CPU.ActiveCfg = Release|Any CPU
		{813BC73A-707C-461D-A045-203E6E4F662D}.Release|Any CPU.Build.0 = Release|Any CPU
		{813BC73A-707C-461D-A045-203E6E4F662D}.Release|x64.ActiveCfg = Release|Any CPU
		{813BC73A-707C-461D-A045-203E6E4F662D}.Release|x64.Build.0 = Release|Any CPU
		{813BC73A-707C-461D-A045-203E6E4F662D}.Release|x86.ActiveCfg = Release|Any CPU
		{813BC73A-707C-461D-A045-203E6E4F662D}.Release|x86.Build.0 = Release|Any CPU
	EndGlobalSection
	GlobalSection(SolutionProperties) = preSolution
		HideSolutionNode = FALSE
	EndGlobalSection
EndGlobal
